<Solution>
  <Folder Name="/src/">
    <Project Path="src/LivestockTrading.Api/LivestockTrading.Api.csproj" />
  </Folder>
  <Folder Name="/src/Modules/" />
  <Folder Name="/src/Modules/Accounts/">
    <Project Path="src/Modules/Accounts/Accounts.Application/Accounts.Application.csproj" />
    <Project Path="src/Modules/Accounts/Accounts.Domain/Accounts.Domain.csproj" />
    <Project Path="src/Modules/Accounts/Accounts.Infrastructure/Accounts.Infrastructure.csproj" />
  </Folder>
  <Folder Name="/src/Modules/Admin/">
    <Project Path="src/Modules/Admin/Admin.Application/Admin.Application.csproj" />
    <Project Path="src/Modules/Admin/Admin.Domain/Admin.Domain.csproj" />
    <Project Path="src/Modules/Admin/Admin.Infrastructure/Admin.Infrastructure.csproj" />
  </Folder>
  <Folder Name="/src/Modules/Carrier/">
    <Project Path="src/Modules/Carrier/Carrier.Application/Carrier.Application.csproj" />
    <Project Path="src/Modules/Carrier/Carrier.Domain/Carrier.Domain.csproj" />
    <Project Path="src/Modules/Carrier/Carrier.Infrastructure/Carrier.Infrastructure.csproj" />
  </Folder>
  <Folder Name="/src/Modules/Catalog/">
    <Project Path="src/Modules/Catalog/Catalog.Application.Tests/Catalog.Application.Tests.csproj" />
    <Project Path="src/Modules/Catalog/Catalog.Application/Catalog.Application.csproj" />
    <Project Path="src/Modules/Catalog/Catalog.Domain/Catalog.Domain.csproj" />
    <Project Path="src/Modules/Catalog/Catalog.Infrastructure/Catalog.Infrastructure.csproj" />
  </Folder>
  <Folder Name="/src/Modules/Identity/">
    <Project Path="src/Modules/Identity/Identity.Application/Identity.Application.csproj" />
    <Project Path="src/Modules/Identity/Identity.Domain/Identity.Domain.csproj" />
    <Project Path="src/Modules/Identity/Identity.Infrastructure/Identity.Infrastructure.csproj" />
  </Folder>
  <Folder Name="/src/Modules/Listings/">
    <Project Path="src/Modules/Listings/Listings.Application/Listings.Application.csproj" />
    <Project Path="src/Modules/Listings/Listings.Domain/Listings.Domain.csproj" />
    <Project Path="src/Modules/Listings/Listings.Infrastructure/Listings.Infrastructure.csproj" />
  </Folder>
  <Folder Name="/src/Modules/Marketplace/">
    <Project Path="src/Modules/Marketplace/Marketplace.Application/Marketplace.Application.csproj" />
    <Project Path="src/Modules/Marketplace/Marketplace.Domain/Marketplace.Domain.csproj" />
    <Project Path="src/Modules/Marketplace/Marketplace.Infrastructure/Marketplace.Infrastructure.csproj" />
  </Folder>
  <Folder Name="/src/Modules/Messaging/">
    <Project Path="src/Modules/Messaging/Messaging.Application/Messaging.Application.csproj" />
    <Project Path="src/Modules/Messaging/Messaging.Domain/Messaging.Domain.csproj" />
    <Project Path="src/Modules/Messaging/Messaging.Infrastructure/Messaging.Infrastructure.csproj" />
  </Folder>
  <Folder Name="/src/Modules/Notifications/">
    <Project Path="src/Modules/Notifications/Notifications.Application/Notifications.Application.csproj" />
    <Project Path="src/Modules/Notifications/Notifications.Domain/Notifications.Domain.csproj" />
    <Project Path="src/Modules/Notifications/Notifications.Infrastructure/Notifications.Infrastructure.csproj" />
  </Folder>
  <Folder Name="/src/Modules/Subscription/">
    <Project Path="src/Modules/Subscription/Subscription.Application/Subscription.Application.csproj" />
    <Project Path="src/Modules/Subscription/Subscription.Domain/Subscription.Domain.csproj" />
    <Project Path="src/Modules/Subscription/Subscription.Infrastructure/Subscription.Infrastructure.csproj" />
  </Folder>
  <Folder Name="/src/Shared/">
    <Project Path="src/Shared/LivestockTrading.Shared.Contracts/LivestockTrading.Shared.Contracts.csproj" />
    <Project Path="src/Shared/LivestockTrading.Shared.Infrastructure/LivestockTrading.Shared.Infrastructure.csproj" />
    <Project Path="src/Shared/LivestockTrading.Shared.Kernel/LivestockTrading.Shared.Kernel.csproj" />
  </Folder>
  <Folder Name="/Tools/">
    <Project Path="Tools/AdminBootstrap/AdminBootstrap.csproj" />
    <Project Path="Tools/OpenApiGen/OpenApiGen.csproj" />
    <Project Path="Tools/SeedRunner/SeedRunner.csproj" />
  </Folder>
</Solution>
